# THIS IS AN AUTOGENERATED FILE. DO NOT EDIT THIS FILE DIRECTLY.
assets/250x.png:
  development: 2018-04-16T08:39:37-07:00   ef0722ee04dad8bc2a73ddf856a72077
assets/500x.png:
  development: 2018-04-16T08:39:37-07:00   555a401c43e141f380e340c302f18afd
assets/addToCart.js:
  development: 2018-05-01T07:51:08-07:00   dc50d12ea53acda7b47c14456d06b7f0
assets/ajax-loader.gif:
  development: 2018-04-16T08:39:37-07:00   deca8b0ecd6974227d157b6d7068995d
assets/alertMessageLineItem.js.liquid:
  development: 2018-04-30T12:59:14-07:00   1473e5a2efe4a2102886295dd35b05fb
assets/avocado.png:
  development: 2018-04-16T08:39:37-07:00   032fe916578a6e388ca7292da0fb7093
assets/beige.png:
  development: 2018-04-16T08:39:38-07:00   a1244b5cd976aef2953f2a5e4b4f94a9
assets/beige1.png:
  development: 2018-04-16T08:39:38-07:00   02988d08def62da7f782e40d51aad2ae
assets/black.png:
  development: 2018-04-16T08:39:38-07:00   b8dcc48fb4bec22f1f900cdf3618def1
assets/blue.png:
  development: 2018-04-16T08:39:38-07:00   50dbb543d8d663d140ba1bf0ec76d901
assets/bookmark.svg:
  development: 2018-04-16T08:39:38-07:00   e1bc8f241f406ff79dcd5c9340d35a67
assets/brown-rust.png:
  development: 2018-04-16T08:39:38-07:00   a33d294bb304becb348ec29a4bc001e3
assets/cart.scss.liquid:
  development: 2018-04-27T12:41:28-07:00   5e6825ddee9187bf276f54945a592f66
assets/eden.png:
  development: 2018-04-16T08:39:38-07:00   69a1a881b7ef5e1b1751ac1be9272397
assets/focus-gray.png:
  development: 2018-04-16T08:39:39-07:00   7cf1aba95072d3bdb8fef91e444b02fd
assets/fontawesome-webfont.eot:
  development: 2018-04-16T08:39:39-07:00   25a32416abee198dd821b0b17a198a8f
assets/fontawesome-webfont.svg:
  development: 2018-04-16T08:39:40-07:00   d7c639084f684d66a1bc66855d193ed8
assets/fontawesome-webfont.ttf:
  development: 2018-04-16T08:39:40-07:00   1dc35d25e61d819a9c357074014867ab
assets/fontawesome-webfont.woff:
  development: 2018-04-16T08:39:40-07:00   c8ddf1e5e5bf3682bc7bebf30f394148
assets/fontawesome-webfont.woff2:
  development: 2018-04-16T08:39:41-07:00   e6cf7c6ec7c2d6f670ae9d762604cb0b
assets/fuscous-gray.png:
  development: 2018-04-16T08:39:41-07:00   86056920c0dd73af643804f5a1b8e881
assets/gift-card.js:
  development: 2018-04-16T08:39:41-07:00   d98dc5c9afcd8397babfd08c06e9899a
assets/gift-card.scss.liquid:
  development: 2018-04-16T08:39:41-07:00   d60e2b6232148729e3840fb91b1464fc
assets/gray.png:
  development: 2018-04-16T08:39:41-07:00   5754eda03df4fe55861a22e9944aed3d
assets/green.png:
  development: 2018-04-16T08:39:41-07:00   2175dbcc0554200e93395cf68419390f
assets/icomoon.eot:
  development: 2018-04-16T08:39:41-07:00   691d3d2accc63572c456f3cc334e170b
assets/icomoon.svg:
  development: 2018-04-16T08:39:42-07:00   726c6adc77a197b755bb571d1e8f9606
assets/icomoon.ttf:
  development: 2018-04-16T08:39:42-07:00   8915ce80518df0f8da3f10707b25e9b9
assets/icomoon.woff:
  development: 2018-04-16T08:39:42-07:00   7456de7ff7a34136ab314f559efa2d8c
assets/incrementCart.js:
  development: 2018-04-16T08:46:07-07:00   04322c159cc35b7549fc5e16a580550b
assets/instabadge-20709.png:
  development: 2018-04-16T08:39:42-07:00   74768da7e73d2237c741d196f5569014
assets/instabadge-20710.png:
  development: 2018-04-16T08:39:42-07:00   bd5a298c5e9b7446ea642241399f6712
assets/instabadge.css.liquid:
  development: 2018-04-16T08:39:42-07:00   6870a7d193dec1a442c437cad2bf9e61
assets/java.png:
  development: 2018-04-16T08:39:42-07:00   8b9256b73c26a711794ca8dc0fcff759
assets/jet-stream.png:
  development: 2018-04-16T08:39:42-07:00   7b27a8fcf3c11ebdeac06e1725f0d5c5
assets/jquery.cookie.js:
  development: 2018-04-16T08:39:43-07:00   2b23e0bd73eb2e64dac682cc3737ad8e
assets/limed-ash.png:
  development: 2018-04-16T08:39:43-07:00   a6741fbb7e32e31d2f8b706a7e721ed9
assets/limed-spruce.png:
  development: 2018-04-16T08:39:43-07:00   7b195c14f91006f34b155fcf8dca8737
assets/loader.gif:
  development: 2018-04-16T08:39:43-07:00   4b3afb84b2b71ef56df09997a350bd04
assets/logo-svg.svg:
  development: 2018-04-16T08:39:43-07:00   43ec6d23afdfdfecb617970f63846316
assets/main-logo-svg.svg:
  development: 2018-04-16T08:39:43-07:00   f6daa638e73b5277300fc418235466e5
assets/mako.png:
  development: 2018-04-16T08:39:44-07:00   0c18031a129e81ddb34df334793e7ab9
assets/match-media.min.js:
  development: 2018-04-16T08:39:44-07:00   d0bf06c458a236dcca39b3be8cf80ec5
assets/mischka.png:
  development: 2018-04-16T08:39:44-07:00   434a9300fd96dca110c9470648f20280
assets/observatory.png:
  development: 2018-04-16T08:39:44-07:00   894227eb8b4b995dbc7a0f47130bbf20
assets/orange.png:
  development: 2018-04-16T08:39:44-07:00   349d2ce321f29ce8fe21c89c11503de4
assets/outer-space.png:
  development: 2018-04-16T08:39:44-07:00   a6c8eeb388cc529034d454e031c81089
assets/padua.png:
  development: 2018-04-16T08:39:45-07:00   ad89f9d00f78a893391b88a487394677
assets/password.js:
  development: 2018-04-16T08:39:45-07:00   c6b4c16234704306bbb6129d04d7e78e
assets/pink.png:
  development: 2018-04-16T08:39:45-07:00   7178a47a9945d7d8454916519f8e898c
assets/plus-in.svg:
  development: 2018-04-16T08:39:45-07:00   7a94e98acc3dcba3b5e1f62897b0aaad
assets/pswp-default-skin.png:
  development: 2018-04-16T08:39:45-07:00   e3f799c6dec9af194c86decdf7392405
assets/pswp-default-skin.svg:
  development: 2018-04-16T08:39:45-07:00   b257fa9c5ac8c515ac4d77a667ce2943
assets/pswp-preloader.gif:
  development: 2018-04-16T08:39:46-07:00   099c2cf014257bc8c00c56fa3b25e290
assets/putty.png:
  development: 2018-04-16T08:39:46-07:00   3e9dfc7e49fed46ad672976edc1c8084
assets/quick-order.css.liquid:
  development: 2018-04-24T13:54:40-07:00   887307eb16d9a4dfc0d38a7c3796bed1
assets/quicksand.png:
  development: 2018-04-16T08:39:46-07:00   b29be990d6ac201393a60ed39af3de73
assets/red.png:
  development: 2018-04-16T08:39:47-07:00   f5f747cc6dca1f56f395784683640a30
assets/rt-application.scss.liquid:
  development: 2018-04-27T08:10:09-07:00   675396e254cb6669adaf9e7017492bed
assets/rt-custom.scss.liquid:
  development: 2018-04-27T13:24:45-07:00   ea76a15bdf6b1940a208518370fae101
assets/script-redirect.js:
  development: 2018-04-16T08:39:47-07:00   02d61b31ffbdb6746ca0219edd3f8368
assets/siam.png:
  development: 2018-04-16T08:39:47-07:00   61a5d8d12be3dd1e0f46179af358abec
assets/signature.png:
  development: 2018-04-16T08:39:48-07:00   15294662515d68ff2a7c8e91ea78ddbd
assets/silver.png:
  development: 2018-04-16T08:39:48-07:00   6c278cafa7247f66f838a3fc7e6da312
assets/teak.png:
  development: 2018-04-16T08:39:48-07:00   bd4d79d5dc04dceb160db9401d7f5b87
assets/teal.png:
  development: 2018-04-16T08:39:48-07:00   14e8f8aa886154ca17f9474ddd096320
assets/theme.js:
  development: 2018-04-30T08:42:11-07:00   577afd013e22c6a8f1baa1d12f5aed1e
assets/tower-gray.png:
  development: 2018-04-16T08:39:49-07:00   a308d97b3e9d38d6033f7eb996760214
assets/tower-grey.png:
  development: 2018-04-16T08:39:49-07:00   a308d97b3e9d38d6033f7eb996760214
assets/vendor.js:
  development: 2018-04-16T08:39:49-07:00   62fb03f61690c4c7474001c9470eabcc
assets/yellow.png:
  development: 2018-04-16T08:39:49-07:00   4b8e14bcd335c4f18bf9483d598f1862
assets/zendesk-embeddable.js:
  development: 2018-04-16T08:39:50-07:00   799ebc523b253be98989590f02128ee8
assets/zoom-in.svg:
  development: 2018-04-16T08:39:50-07:00   ba38294ef58600ae8457f111ec152206
config/settings_data.json:
  development: 2018-04-16T08:39:54-07:00   d4e9a5fdf2b668ca9d3d1f25749761b0
config/settings_schema.json:
  development: 2018-04-16T08:39:54-07:00   b8f4459cac7cdf1908f72175b4ba4a0e
layout/checkout.liquid:
  development: 2018-04-17T07:02:31-07:00   30d53b4495c5d6595193d7c5ff6acf55
layout/theme-easylockdown-bckp.liquid:
  development: 2018-04-16T08:39:50-07:00   5d9ffb2bd6480075c7d6ee93c3295e20
layout/theme.liquid:
  development: 2018-05-01T09:43:04-07:00   7d10b7826ac0e7d824d03523596df95f
locales/en.default.json:
  development: 2018-04-16T08:39:50-07:00   9839b788157a8add886760d3986ec3bd
sections/article-template.liquid:
  development: 2018-04-16T08:39:35-07:00   b1c4261d86184a3baeae4dea3f87cd6f
sections/blog-template.liquid:
  development: 2018-04-16T08:39:36-07:00   abbfd1747b326c288f4fb81feda7f4bb
sections/cart-template.liquid:
  development: 2018-05-01T06:59:16-07:00   13f7ae0053d55f4a06484d2d7980e2cc
sections/collection-list.liquid:
  development: 2018-04-16T08:39:36-07:00   e4361a6186bc3a2bbe6160d4db2755c7
sections/collection-template.liquid:
  development: 2018-04-30T13:00:19-07:00   01992626d1c8e7169b416d0066a5e79c
sections/footer.liquid:
  development: 2018-04-16T08:39:36-07:00   a490f46decaf444952e9944db219f846
sections/header.liquid:
  development: 2018-04-16T08:39:36-07:00   04eb8b831d59c4c2b5d3bc4e7fd633ba
sections/index-banners.liquid:
  development: 2018-04-16T08:39:36-07:00   95090658768336f8083f5a1793860471
sections/index-blog.liquid:
  development: 2018-04-16T08:39:36-07:00   e85d7332094bb29029344b20f9e4f6b9
sections/index-collections.liquid:
  development: 2018-04-16T08:39:36-07:00   5f9320b5a0b2f96f4f5194ab649bb24a
sections/index-featured-products.liquid:
  development: 2018-04-16T08:39:36-07:00   481697892cc22c381538fa29420c842c
sections/index-gap-header.liquid:
  development: 2018-04-16T08:39:36-07:00   4e51a855fa6c57d446ee26bd91409ef8
sections/index-gap.liquid:
  development: 2018-04-16T08:39:36-07:00   9ec3fa0543971deb7be7156c11b93fbe
sections/index-grid.liquid:
  development: 2018-04-16T08:39:36-07:00   428e19f8d69e92f1fdb47af599e575b7
sections/index-html.liquid:
  development: 2018-04-16T08:39:36-07:00   54bd01d643ef5cf2bab18641b17da3f4
sections/index-product-tabs.liquid:
  development: 2018-04-23T13:58:22-07:00   a6e8056e1393184548df364b35543cf6
sections/index-products.liquid:
  development: 2018-04-16T08:39:36-07:00   4b974e17298003d85cbf5db256762a82
sections/index-slideshow.liquid:
  development: 2018-04-16T08:39:36-07:00   4fc89e2337aed399806b4772f4be0637
sections/index-static.liquid:
  development: 2018-04-16T08:39:36-07:00   2128bfa22bec8da9a2e76c4c80aa2aba
sections/mega-menu.liquid:
  development: 2018-04-16T08:39:36-07:00   2932930469fa030021ea9864519eac3a
sections/page-about-template.liquid:
  development: 2018-04-16T08:39:36-07:00   7bd67b67b297ff08da77314872940bd4
sections/page-contact-template.liquid:
  development: 2018-04-16T08:39:36-07:00   0fff8bb0909898fb7075b7f2bbc0994b
sections/page-faqs-template.liquid:
  development: 2018-04-16T08:39:36-07:00   850dcceb961ab88fd5028fe10d56e0ec
sections/product-accessories.liquid:
  development: 2018-04-16T08:39:36-07:00   2dcc6010fba6b80f62471c5ab75ef381
sections/product-quickview-template.liquid:
  development: 2018-05-01T13:24:18-07:00   aedb274c1cda663a494259fc51dd6b27
sections/product-template.liquid:
  development: 2018-05-01T13:32:46-07:00   d6d3888b65367fc972551812d5f7f9d0
sections/product-variants-mobile.liquid:
  development: 2018-04-16T08:39:37-07:00   5f42f755d3cf08155abacbb2d72d4fb5
sections/ra-revslider.liquid:
  development: 2018-04-16T08:39:37-07:00   ab8e75b21329794d48b33b02f409d9b6
sections/search-template.liquid:
  development: 2018-04-16T08:39:37-07:00   5dda89d2b75ecbbef9cbeb0c2d04f6ad
snippets/account-navigation.liquid:
  development: 2018-04-16T08:39:50-07:00   2ea19daaad2070632c5d3508015f53c0
snippets/alertMessageLineItem.liquid:
  development: 2018-04-27T08:22:08-07:00   e9b618075d45b98da3756fa15b756018
snippets/blog-header.liquid:
  development: 2018-04-16T08:39:50-07:00   bf756c69267cb4ad9da002e10df6489b
snippets/blog-sidebar.liquid:
  development: 2018-04-16T08:39:50-07:00   e3d7fd6e93f2c8daef5774a03aa75a0f
snippets/breadcrumb.liquid:
  development: 2018-04-16T08:39:50-07:00   c9c2522204cf9a6615a407a2afcf68aa
snippets/cartblock.liquid:
  development: 2018-04-16T08:39:50-07:00   78835c6d7537083f3d630b74158d5a72
snippets/collection-item.liquid:
  development: 2018-04-16T08:39:50-07:00   7bb22684196f05b188726e74365515fa
snippets/comment.liquid:
  development: 2018-04-16T08:39:50-07:00   50406c82467014e1bbe15a62685b2536
snippets/cookie-popup.liquid:
  development: 2018-04-16T08:39:50-07:00   07a581e00b04404a6f65386a48744b10
snippets/discountWholesale.liquid:
  development: 2018-04-20T07:21:52-07:00   050e76aed0f7956a1be8e84cc1cbd641
snippets/distributorDiscountPrice.liquid:
  development: 2018-04-18T13:20:01-07:00   00336bedff0ac7069014556cda8adb60
snippets/easylockdown_filter_collection.liquid:
  development: 2018-04-16T08:39:50-07:00
snippets/easylockdown_filter_collections.liquid:
  development: 2018-04-16T08:39:50-07:00
snippets/easylockdown_filter_search.liquid:
  development: 2018-04-16T08:39:50-07:00
snippets/facebook-chat.liquid:
  development: 2018-04-16T08:39:50-07:00   4ccd9aac734849d0651f5cce111963a0
snippets/filter.liquid:
  development: 2018-04-22T20:17:52-07:00   de87b674c5c6d4e83aee477f2cb6cf21
snippets/footer-area-1.liquid:
  development: 2018-04-16T08:39:50-07:00   3e9ef35c8699401c7272a94c99806ad8
snippets/footer-area-2.liquid:
  development: 2018-04-16T08:39:50-07:00   c01320eb30b84800b73df1e0552e0bb5
snippets/footer-area-3.liquid:
  development: 2018-04-16T08:39:50-07:00   4f154ea44604d2bc849e628cf07e3b66
snippets/footer-area-4.liquid:
  development: 2018-04-16T08:39:50-07:00   3bc295e085b7d8af8b81a25b7059572d
snippets/footer-area-5.liquid:
  development: 2018-04-16T08:39:50-07:00   341b94c2bc6a71c034bdafacea914b1a
snippets/footer-area-6.liquid:
  development: 2018-04-16T08:39:51-07:00   58a37946bced2970261b170b5ea70d92
snippets/footer-area-7.liquid:
  development: 2018-04-16T08:39:51-07:00   c00a4319b2decdfc62627334ebc516f9
snippets/footer-area-8.liquid:
  development: 2018-04-16T08:39:51-07:00   bcf09ea5714f52d6fc32fe06d214721a
snippets/footer-area-9.liquid:
  development: 2018-04-16T08:39:51-07:00   766025a96f03bf8d618af8d98b875859
snippets/footer.liquid:
  development: 2018-04-16T08:39:51-07:00   d81063390089ff578092ef7ceac82166
snippets/google-fonts.liquid:
  development: 2018-04-16T08:39:51-07:00   45d44add29055f217a3c3ee27c9f2feb
snippets/header-skin-1.liquid:
  development: 2018-04-16T08:39:51-07:00   be2c2da8ec4a4bb9f5e100c7de89b18b
snippets/header-skin-2.liquid:
  development: 2018-04-24T07:31:47-07:00   c4c9e67bfa6cb130b283aa2854c488f1
snippets/instabadge-badge-snippet.liquid:
  development: 2018-04-16T08:39:51-07:00   4c7e26a83751f03227153e15663dd5a1
snippets/instabadge.liquid:
  development: 2018-04-16T08:39:51-07:00   6747317f7d058b1c4a43a87ce6564dc3
snippets/json_cleanup.liquid:
  development: 2018-04-23T10:40:02-07:00   9748aa5dfade1e32178829e29d8e80d6
snippets/lowInventoryWarning.liquid:
  development: 2018-04-16T08:39:51-07:00   f2ba91000674f0db1366ae530bb5f53a
snippets/navigation-link.liquid:
  development: 2018-04-16T08:39:51-07:00   07209323cae8bfb8bd988cab6d18c46b
snippets/newsletter-popup.liquid:
  development: 2018-04-16T08:39:51-07:00   1d086c9d49a2f78d6853eb1cc90e290b
snippets/no-blocks.liquid:
  development: 2018-04-16T08:39:51-07:00   48b2920876a0b77d4211d67029f8abf4
snippets/notify-products.liquid:
  development: 2018-04-16T08:39:51-07:00   f8241f4718dc33f5fa8f7b6aeafc3d7d
snippets/offcanvas-menu.liquid:
  development: 2018-04-16T08:39:51-07:00   eee83fde54d83cb39b60be197855cf55
snippets/offcanvas-search.liquid:
  development: 2018-04-16T08:39:51-07:00   fac11e0407530920c5a48858d52e9b7d
snippets/offcanvas.liquid:
  development: 2018-04-16T08:39:51-07:00   87a7c930bed69412e18d04721b73f721
snippets/page-header.liquid:
  development: 2018-04-16T08:39:51-07:00   88a4e3d4abc377c22486c5ea2c683966
snippets/pagination.liquid:
  development: 2018-04-21T06:25:55-07:00   286815532a2f46f6df85088a1ef457c2
snippets/photoswipe.liquid:
  development: 2018-04-16T08:39:51-07:00   693ced8d8813fc4273b0d45ad6ff4f43
snippets/product-color-swatch.liquid:
  development: 2018-04-16T08:39:51-07:00   f581af645c587201c9766647fecaf861
snippets/product-feature.liquid:
  development: 2018-04-16T08:39:51-07:00   d2591ce1a645464f6ca13e84a22e510e
snippets/product-instagram.liquid:
  development: 2018-04-16T08:39:51-07:00   5176b745f703ab4534fe981d3f792193
snippets/product-item-simple.liquid:
  development: 2018-04-23T14:15:26-07:00   e9c0bb66eac78f56737e3201b8ae3e4f
snippets/product-item.liquid:
  development: 2018-04-30T11:20:21-07:00   2fe608ecf5ab5418fd2317c15685f1da
snippets/product-navigation.liquid:
  development: 2018-04-16T08:39:52-07:00   4694adad5b4554af2a959336e64a91ab
snippets/product-thumnails.liquid:
  development: 2018-04-16T08:39:52-07:00   467c92dcba8a9d65a1337f1b70df1464
snippets/product-upsell.liquid:
  development: 2018-04-16T08:39:52-07:00   c04fcc239fa01d2b57cae356fac662fd
snippets/quickorder.liquid:
  development: 2018-04-27T10:57:03-07:00   c02ba77def4a3e668828c008567d6a1a
snippets/ra-shortcode-revslider-65.liquid:
  development: 2018-04-16T08:39:52-07:00   bc64633f3da920896957f294a97be49b
snippets/ra-shortcode.liquid:
  development: 2018-04-16T08:39:52-07:00   e69a96df2da6049c58eef84ff1ebc747
snippets/redirect-bar.liquid:
  development: 2018-04-16T08:39:52-07:00   293684a50167a2b5eb52cbbd71d4dd0a
snippets/rewind_menu_backup_do_not_delete.liquid:
  development: 2018-04-16T08:39:52-07:00   a7fb4c8d41a06268d935349f71d7780d
snippets/shipping-calculator.liquid:
  development: 2018-04-16T08:39:52-07:00   7c4219073fe3a573a9b2d2fa9cde4e18
snippets/shop-header.liquid:
  development: 2018-04-16T08:39:52-07:00   a80ee1dccf503d1d0707e63ea6453ba1
snippets/shop-sidebar.liquid:
  development: 2018-04-16T08:39:52-07:00   b24a2929e8d53d30012e735a8d253cbb
snippets/shopify-head.liquid:
  development: 2018-04-16T08:39:52-07:00   8bb1e17abf4d45f38c53bf1302c82f61
snippets/shortcode-blog-slider.liquid:
  development: 2018-04-16T08:39:52-07:00   04fda243c8e94f312ef58815ee4098e6
snippets/shortcode-blog.liquid:
  development: 2018-04-16T08:39:52-07:00   bbbdc2259e0a3f191f7e7fc7d6b20f2f
snippets/shortcode-gallery.liquid:
  development: 2018-04-16T08:39:52-07:00   0c78c31331b6ff33bc06592bccd78bfd
snippets/shortcode-image.liquid:
  development: 2018-04-16T08:39:52-07:00   d2f40d696c9cc517fb0367d83b1a85bc
snippets/shortcode-linklist.liquid:
  development: 2018-04-16T08:39:52-07:00   587a9e0c94c72f1702ff14bef7efeb44
snippets/shortcode-mailchimp.liquid:
  development: 2018-04-16T08:39:52-07:00   2fdd115f577b7560dc0cb7e537cb6b92
snippets/shortcode-products-slider.liquid:
  development: 2018-04-30T12:46:42-07:00   78e55d3d950a4a667855a60075a33f41
snippets/shortcode-products.liquid:
  development: 2018-04-16T08:39:52-07:00   473c740c150bba8544678df3a22eed8d
snippets/shortcode-render.liquid:
  development: 2018-04-16T08:39:52-07:00   a694556b9be9484e2905bb8818b015ef
snippets/shortcode-revert.liquid:
  development: 2018-04-16T08:39:52-07:00   aa12db5584367e56c651c5c9f28f48de
snippets/shortcode-social.liquid:
  development: 2018-04-16T08:39:52-07:00   988501363892aebf2690ad89596881d2
snippets/shortcode-vimeo.liquid:
  development: 2018-04-16T08:39:52-07:00   f6bc68ea65e5deb3e2661faca4ea5c16
snippets/shortcode-youtube.liquid:
  development: 2018-04-16T08:39:52-07:00   6785b7886066f089b625abdc1858677d
snippets/shortcode.liquid:
  development: 2018-04-16T08:39:52-07:00   c9810e9538c81529e9a1d1b26b6a993b
snippets/social-meta-tags.liquid:
  development: 2018-04-16T08:39:52-07:00   ac307a8cd651b34734e19d9e2df2985e
snippets/wholesaleProductDiscount.liquid:
  development: 2018-04-16T08:39:53-07:00   6be9c23abd303bf407bc05adf2017042
snippets/wishlist.liquid:
  development: 2018-04-16T08:39:53-07:00   bcdba9970ffc64e30754059dae408a4d
templates/404.liquid:
  development: 2018-04-16T08:39:53-07:00   3e7a9569e558f6dcf31fdc6a3cfabc57
templates/article.liquid:
  development: 2018-04-16T08:39:53-07:00   3b98508339ff70d5d4a010912e7ce911
templates/blog.liquid:
  development: 2018-04-16T08:39:53-07:00   0313200f088edc2d491e04b140f76ade
templates/cart.liquid:
  development: 2018-04-16T08:39:53-07:00   cee9c0650fb6312c2c8f14de4f10d260
templates/collection.liquid:
  development: 2018-04-19T11:29:15-07:00   2dd0792524dca19a8712d5c18c12a3c3
templates/customers/account.liquid:
  development: 2018-04-16T08:39:53-07:00   3c313fc68fe90cc39984bb8fe34a50f3
templates/customers/activate_account.liquid:
  development: 2018-04-16T08:39:53-07:00   299fb1baf2f814b9d5b43b9e0fbcfeeb
templates/customers/addresses.liquid:
  development: 2018-04-16T08:39:53-07:00   50144e193eaa08a0c468bfc6dbe57e88
templates/customers/login.liquid:
  development: 2018-04-16T08:39:53-07:00   c01923515cd3b299663089188fb35c24
templates/customers/order.liquid:
  development: 2018-04-16T08:39:53-07:00   f2df99aeef6f8d42a6b5f7634cc06a2f
templates/customers/register.liquid:
  development: 2018-04-16T08:39:53-07:00   eac33afec12847adda403d83519d9d0c
templates/customers/reset_password.liquid:
  development: 2018-04-16T08:39:53-07:00   de3fc811f428c8d0e75ef223de2aac04
templates/gift_card.liquid:
  development: 2018-04-16T08:39:53-07:00   b01bce4d6b8a5b4620b34ef67c99071c
templates/index.liquid:
  development: 2018-04-16T08:39:53-07:00   357586c24876f18d2ef93d8445ced5ad
templates/list-collections.liquid:
  development: 2018-04-16T08:39:53-07:00   af00c95e02d1a557d2309960eb53713f
templates/page.about.liquid:
  development: 2018-04-16T08:39:53-07:00   92d90edaf6087d180dfef0059f753af5
templates/page.backupOrder.liquid:
  development: 2018-04-20T06:59:47-07:00   ce16b072ff9b1711a0360286c5a412fd
templates/page.compare.liquid:
  development: 2018-04-16T08:39:53-07:00   04de62bc07cf6176ffdcd6f4d8058944
templates/page.contact.liquid:
  development: 2018-04-16T08:39:53-07:00   4ed86c41ae33ecf6e2d839dde78034d1
templates/page.faqs.liquid:
  development: 2018-04-16T08:39:53-07:00   c966591a9ff11d867709c909954dbdbb
templates/page.liquid:
  development: 2018-04-16T08:39:53-07:00   8624d2ec209e0df084b1a2ccff63accd
templates/page.order.liquid:
  development: 2018-05-01T08:23:59-07:00   0fd313971601f500007035d3480389df
templates/page.quickorder.liquid:
  development: 2018-04-23T07:32:15-07:00   af86eceb76369a314d0cadf1a376c1f1
templates/page.rewind_menu_backup_do_not_delete.liquid:
  development: 2018-04-16T08:39:53-07:00   ef1023246c38cea6bbbca8171123b13f
templates/page.wishlist.liquid:
  development: 2018-04-16T08:39:54-07:00   64fe63b82c0bbfa5f09e4417d6360db1
templates/product.accessories.liquid:
  development: 2018-04-16T08:39:54-07:00   392d56290f90c1ed3c738b8aede170b1
templates/product.liquid:
  development: 2018-04-16T08:39:54-07:00   8e2f0e245b36cbe285b83ca23cf75934
templates/product.quickview.liquid:
  development: 2018-04-16T08:39:54-07:00   8bd21f3c3c2803e8dad639ac603bcac3
templates/search.instabadge.json.liquid:
  development: 2018-04-16T08:39:54-07:00   1a5a76434f9d46833ac9e539117368cc
templates/search.liquid:
  development: 2018-04-16T08:39:54-07:00   198c50df19764807f880c3a496792b35
templates/search.livesearch.liquid:
  development: 2018-04-23T10:50:30-07:00   1f4f7c2490eed8129584f8b6adb7000b
